
Microsoft Visual Studio Solution File, Format Version 12.00
# Visual Studio 15
VisualStudioVersion = 15.0.28307.271
MinimumVisualStudioVersion = 10.0.40219.1
Project("{FAE04EC0-301F-11D3-BF4B-00C04F79EFBC}") = "BuilderImmutableObject", "BuilderImmutableObject\BuilderImmutableObject.csproj", "{C5D396EA-3D6B-4A79-9C38-97D7EA9752D3}"
EndProject
Project("{FAE04EC0-301F-11D3-BF4B-00C04F79EFBC}") = "BuilderImmutableObject.Test", "BuilderImmutableObject.Test\BuilderImmutableObject.Test.csproj", "{C31C7BB1-39C2-4965-BD9A-7463FC9053F5}"
EndProject
Global
	GlobalSection(SolutionConfigurationPlatforms) = preSolution
		Debug|Any CPU = Debug|Any CPU
		Release|Any CPU = Release|Any CPU
	EndGlobalSection
	GlobalSection(ProjectConfigurationPlatforms) = postSolution
		{C5D396EA-3D6B-4A79-9C38-97D7EA9752D3}.Debug|Any CPU.ActiveCfg = Debug|Any CPU
		{C5D396EA-3D6B-4A79-9C38-97D7EA9752D3}.Debug|Any CPU.Build.0 = Debug|Any CPU
		{C5D396EA-3D6B-4A79-9C38-97D7EA9752D3}.Release|Any CPU.ActiveCfg = Release|Any CPU
		{C5D396EA-3D6B-4A79-9C38-97D7EA9752D3}.Release|Any CPU.Build.0 = Release|Any CPU
		{C31C7BB1-39C2-4965-BD9A-7463FC9053F5}.Debug|Any CPU.ActiveCfg = Debug|Any CPU
		{C31C7BB1-39C2-4965-BD9A-7463FC9053F5}.Debug|Any CPU.Build.0 = Debug|Any CPU
		{C31C7BB1-39C2-4965-BD9A-7463FC9053F5}.Release|Any CPU.ActiveCfg = Release|Any CPU
		{C31C7BB1-39C2-4965-BD9A-7463FC9053F5}.Release|Any CPU.Build.0 = Release|Any CPU
	EndGlobalSection
	GlobalSection(SolutionProperties) = preSolution
		HideSolutionNode = FALSE
	EndGlobalSection
	GlobalSection(ExtensibilityGlobals) = postSolution
		SolutionGuid = {781A289D-CF24-4764-BB9B-B0A911F4BE2A}
	EndGlobalSection
EndGlobal
